{
  "lockfileVersion": 1,
  "configVersion": 0,
  "workspaces": {
    "": {
      "name": "stylizer",
      "dependencies": {
        "@types/is-hotkey": "^0.1.10",
        "ace-builds": "^1.43.5",
        "is-hotkey": "^0.2.0",
        "react-ace": "^14.0.1",
        "react-rnd": "^10.5.2",
        "spcr-settings": "^1.3.1",
      },
      "devDependencies": {
        "@types/bun": "^1.3.4",
        "@types/react": "^19.2.7",
        "@types/react-dom": "^19.2.3",
        "prettier": "^3.7.4",
        "spicetify-creator": "^1.0.17",
        "typescript": "^5.9.3",
      },
    },
  },
  "packages": {
    "@types/bun": ["@types/bun@1.3.4", "", { "dependencies": { "bun-types": "1.3.4" } }, "sha512-EEPTKXHP+zKGPkhRLv+HI0UEX8/o+65hqARxLy8Ov5rIxMBPNTjeZww00CIihrIQGEQBYg+0roO5qOnS/7boGA=="],

    "@types/is-hotkey": ["@types/is-hotkey@0.1.10", "", {}, "sha512-RvC8KMw5BCac1NvRRyaHgMMEtBaZ6wh0pyPTBu7izn4Sj/AX9Y4aXU5c7rX8PnM/knsuUpC1IeoBkANtxBypsQ=="],

    "@types/node": ["@types/node@25.0.3", "", { "dependencies": { "undici-types": "~7.16.0" } }, "sha512-W609buLVRVmeW693xKfzHeIV6nJGGz98uCPfeXI1ELMLXVeKYZ9m15fAMSaUPBHYLGFsVRcMmSCksQOrZV9BYA=="],

    "@types/prop-types": ["@types/prop-types@15.7.5", "", {}, "sha512-JCB8C6SnDoQf0cNycqd/35A7MjcnK+ZTqE7judS6o7utxUCg6imJg3QK2qzHKszlTjcj2cn+NwMB2i96ubpj7w=="],

    "@types/react": ["@types/react@19.2.7", "", { "dependencies": { "csstype": "^3.2.2" } }, "sha512-MWtvHrGZLFttgeEj28VXHxpmwYbor/ATPYbBfSFZEIRK0ecCFLl2Qo55z52Hss+UV9CRN7trSeq1zbgx7YDWWg=="],

    "@types/react-dom": ["@types/react-dom@19.2.3", "", { "peerDependencies": { "@types/react": "^19.2.0" } }, "sha512-jp2L/eY6fn+KgVVQAOqYItbF0VY/YApe5Mz2F0aykSO8gx31bYCZyvSeYxCHKvzHG5eZjc+zyaS5BrBWya2+kQ=="],

    "@types/scheduler": ["@types/scheduler@0.16.2", "", {}, "sha512-hppQEBDmlwhFAXKJX2KnWLYu5yMfi91yazPb2l+lbJiwW+wdo1gNeRA+3RgNSO39WYX2euey41KEwnqesU2Jew=="],

    "ace-builds": ["ace-builds@1.43.5", "", {}, "sha512-iH5FLBKdB7SVn9GR37UgA/tpQS8OTWIxWAuq3Ofaw+Qbc69FfPXsXd9jeW7KRG2xKpKMqBDnu0tHBrCWY5QI7A=="],

    "ansi-styles": ["ansi-styles@4.3.0", "", { "dependencies": { "color-convert": "^2.0.1" } }, "sha512-zbB9rCJAT1rbjiVDb2hqKFHNYLxgtk8NURxZ3IZwD3F6NtxbXZQCnnSi1Lkx+IDohdPlFp222wVALIheZJQSEg=="],

    "anymatch": ["anymatch@3.1.2", "", { "dependencies": { "normalize-path": "^3.0.0", "picomatch": "^2.0.4" } }, "sha512-P43ePfOAIupkguHUycrc4qJ9kz8ZiuOUijaETwX7THt0Y/GNK7v0aa8rY816xWjZ7rJdA5XdMcpVFTKMq+RvWg=="],

    "at-least-node": ["at-least-node@1.0.0", "", {}, "sha512-+q/t7Ekv1EDY2l6Gda6LLiX14rU9TV20Wa3ofeQmwPFZbOMo9DXrLbOjFaaclkXKWidIaopwAObQDqwWtGUjqg=="],

    "atob": ["atob@2.1.2", "", { "bin": { "atob": "bin/atob.js" } }, "sha512-Wm6ukoaOGJi/73p/cl2GvLjTI5JM1k/O14isD73YML8StrH/7/lRFgmg8nICZgD3bZZvjwCGxtMOD3wWNAu8cg=="],

    "autoprefixer": ["autoprefixer@10.4.4", "", { "dependencies": { "browserslist": "^4.20.2", "caniuse-lite": "^1.0.30001317", "fraction.js": "^4.2.0", "normalize-range": "^0.1.2", "picocolors": "^1.0.0", "postcss-value-parser": "^4.2.0" }, "bin": { "autoprefixer": "bin/autoprefixer" } }, "sha512-Tm8JxsB286VweiZ5F0anmbyGiNI3v3wGv3mz9W+cxEDYB/6jbnj6GM9H9mK3wIL8ftgl+C07Lcwb8PG5PCCPzA=="],

    "balanced-match": ["balanced-match@1.0.2", "", {}, "sha512-3oSeUO0TMV67hN1AmbXsK4yaqU7tjiHlbxRDZOpH0KW9+CeX4bRAaX0Anxt0tx2MrpRpWwQaPwIlISEJhYU5Pw=="],

    "binary-extensions": ["binary-extensions@2.2.0", "", {}, "sha512-jDctJ/IVQbZoJykoeHbhXpOlNBqGNcwXJKJog42E5HDPUwQTSdjCHdihjj0DlnheQ7blbT6dHOafNAiS8ooQKA=="],

    "brace-expansion": ["brace-expansion@1.1.11", "", { "dependencies": { "balanced-match": "^1.0.0", "concat-map": "0.0.1" } }, "sha512-iCuPHDFgrHX7H2vEI/5xpz07zSHB00TpugqhmYtVmMO6518mCuRMoOYFldEBl0g187ufozdaHgWKcYFb61qGiA=="],

    "braces": ["braces@3.0.2", "", { "dependencies": { "fill-range": "^7.0.1" } }, "sha512-b8um+L1RzM3WDSzvhm6gIz1yfTbBt6YTlcEKAvsmqCZZFw46z626lVj9j1yEPW33H5H+lBQpZMP1k8l+78Ha0A=="],

    "browserslist": ["browserslist@4.20.2", "", { "dependencies": { "caniuse-lite": "^1.0.30001317", "electron-to-chromium": "^1.4.84", "escalade": "^3.1.1", "node-releases": "^2.0.2", "picocolors": "^1.0.0" }, "bin": { "browserslist": "cli.js" } }, "sha512-CQOBCqp/9pDvDbx3xfMi+86pr4KXIf2FDkTTdeuYw8OxS9t898LA1Khq57gtufFILXpfgsSx5woNgsBgvGjpsA=="],

    "bun-types": ["bun-types@1.3.4", "", { "dependencies": { "@types/node": "*" } }, "sha512-5ua817+BZPZOlNaRgGBpZJOSAQ9RQ17pkwPD0yR7CfJg+r8DgIILByFifDTa+IPDDxzf5VNhtNlcKqFzDgJvlQ=="],

    "caniuse-lite": ["caniuse-lite@1.0.30001328", "", {}, "sha512-Ue55jHkR/s4r00FLNiX+hGMMuwml/QGqqzVeMQ5thUewznU2EdULFvI3JR7JJid6OrjJNfFvHY2G2dIjmRaDDQ=="],

    "chalk": ["chalk@4.1.2", "", { "dependencies": { "ansi-styles": "^4.1.0", "supports-color": "^7.1.0" } }, "sha512-oKnbhFyRIXpUuez8iBMmyEa4nbj4IOQyuhc/wy9kY7/WVPcwIO9VA668Pu8RkO7+0G76SLROeyw9CpQ061i4mA=="],

    "chokidar": ["chokidar@3.5.3", "", { "dependencies": { "anymatch": "~3.1.2", "braces": "~3.0.2", "glob-parent": "~5.1.2", "is-binary-path": "~2.1.0", "is-glob": "~4.0.1", "normalize-path": "~3.0.0", "readdirp": "~3.6.0" }, "optionalDependencies": { "fsevents": "~2.3.2" } }, "sha512-Dr3sfKRP6oTcjf2JmUmFJfeVMvXBdegxB0iVQ5eb2V10uFJUCAS8OByZdVAyVb8xXNz3GjjTgj9kLWsZTqE6kw=="],

    "clean-css": ["clean-css@5.3.0", "", { "dependencies": { "source-map": "~0.6.0" } }, "sha512-YYuuxv4H/iNb1Z/5IbMRoxgrzjWGhOEFfd+groZ5dMCVkpENiMZmwspdrzBo9286JjM1gZJPAyL7ZIdzuvu2AQ=="],

    "clsx": ["clsx@1.2.1", "", {}, "sha512-EcR6r5a8bj6pu3ycsa/E/cKVGuTgZJZdsyUYHOksG/UHIiKfjxzRxYJpyVBwYaQeOvghal9fcc4PidlgzugAQg=="],

    "color-convert": ["color-convert@2.0.1", "", { "dependencies": { "color-name": "~1.1.4" } }, "sha512-RRECPsj7iu/xb5oKYcsFHSppFNnsj/52OVTRKb4zP5onXwVF3zVmmToNcOfGC+CRDpfK/U584fMg38ZHCaElKQ=="],

    "color-name": ["color-name@1.1.4", "", {}, "sha512-dOy+3AuW3a2wNbZHIuMZpTcgjGuLU/uBL/ubcZF9OXbDo8ff4O8yVp5Bf0efS8uEoYo5q4Fx7dY9OgQGXgAsQA=="],

    "concat-map": ["concat-map@0.0.1", "", {}, "sha1-2Klr13/Wjfd5OnMDajug1UBdR3s="],

    "copy-anything": ["copy-anything@2.0.6", "", { "dependencies": { "is-what": "^3.14.1" } }, "sha512-1j20GZTsvKNkc4BY3NpMOM8tt///wY3FpIzozTOFO2ffuZcV61nojHXVKIy3WM+7ADCy5FVhdZYHYDdgTU0yJw=="],

    "css": ["css@3.0.0", "", { "dependencies": { "inherits": "^2.0.4", "source-map": "^0.6.1", "source-map-resolve": "^0.6.0" } }, "sha512-DG9pFfwOrzc+hawpmqX/dHYHJG+Bsdb0klhyi1sDneOgGOXy9wQIC8hzyVp1e4NRYDBdxcylvywPkkXCHAzTyQ=="],

    "cssesc": ["cssesc@3.0.0", "", { "bin": { "cssesc": "bin/cssesc" } }, "sha512-/Tb/JcjK111nNScGob5MNtsntNM1aCNUDipB/TkwZFhyDrrE47SOx/18wF2bbjgc3ZzCSKW1T5nt5EbFoAz/Vg=="],

    "csstype": ["csstype@3.2.3", "", {}, "sha512-z1HGKcYy2xA8AGQfwrn0PAy+PB7X/GSj3UVJW9qKyn43xWa+gl5nXmU4qqLMRzWVLFC8KusUX8T/0kCiOYpAIQ=="],

    "cwd": ["cwd@0.10.0", "", { "dependencies": { "find-pkg": "^0.1.2", "fs-exists-sync": "^0.1.0" } }, "sha1-FyQAaUBXwioTsM8WFix+S3p/5Wc="],

    "debug": ["debug@4.3.4", "", { "dependencies": { "ms": "2.1.2" } }, "sha512-PRWFHuSU3eDtQJPvnNY7Jcket1j0t5OuOsFzPPzsekD52Zl8qUfFIPEiswXqIvHWGVHOgX+7G/vCNNhehwxfkQ=="],

    "decode-uri-component": ["decode-uri-component@0.2.0", "", {}, "sha1-6zkTMzRYd1y4TNGh+uBiEGu4dUU="],

    "diff-match-patch": ["diff-match-patch@1.0.5", "", {}, "sha512-IayShXAgj/QMXgB0IWmKx+rOPuGMhqm5w6jvFxmVenXKIzRqTAAsbBPT3kWQeGANj3jGgvcvv4yK6SxqYmikgw=="],

    "electron-to-chromium": ["electron-to-chromium@1.4.107", "", {}, "sha512-Huen6taaVrUrSy8o7mGStByba8PfOWWluHNxSHGBrCgEdFVLtvdQDBr9LBCF9Uci8SYxh28QNNMO0oC17wbGAg=="],

    "errno": ["errno@0.1.8", "", { "dependencies": { "prr": "~1.0.1" }, "bin": { "errno": "cli.js" } }, "sha512-dJ6oBr5SQ1VSd9qkk7ByRgb/1SH4JZjCHSW/mr63/QcXO9zLVxvJ6Oy13nio03rxpSnVDDjFor75SjVeZWPW/A=="],

    "esbuild": ["esbuild@0.14.36", "", { "optionalDependencies": { "esbuild-android-64": "0.14.36", "esbuild-android-arm64": "0.14.36", "esbuild-darwin-64": "0.14.36", "esbuild-darwin-arm64": "0.14.36", "esbuild-freebsd-64": "0.14.36", "esbuild-freebsd-arm64": "0.14.36", "esbuild-linux-32": "0.14.36", "esbuild-linux-64": "0.14.36", "esbuild-linux-arm": "0.14.36", "esbuild-linux-arm64": "0.14.36", "esbuild-linux-mips64le": "0.14.36", "esbuild-linux-ppc64le": "0.14.36", "esbuild-linux-riscv64": "0.14.36", "esbuild-linux-s390x": "0.14.36", "esbuild-netbsd-64": "0.14.36", "esbuild-openbsd-64": "0.14.36", "esbuild-sunos-64": "0.14.36", "esbuild-windows-32": "0.14.36", "esbuild-windows-64": "0.14.36", "esbuild-windows-arm64": "0.14.36" }, "bin": { "esbuild": "bin/esbuild" } }, "sha512-HhFHPiRXGYOCRlrhpiVDYKcFJRdO0sBElZ668M4lh2ER0YgnkLxECuFe7uWCf23FrcLc59Pqr7dHkTqmRPDHmw=="],

    "esbuild-android-64": ["esbuild-android-64@0.14.36", "", { "os": "android", "cpu": "x64" }, "sha512-jwpBhF1jmo0tVCYC/ORzVN+hyVcNZUWuozGcLHfod0RJCedTDTvR4nwlTXdx1gtncDqjk33itjO+27OZHbiavw=="],

    "esbuild-android-arm64": ["esbuild-android-arm64@0.14.36", "", { "os": "android", "cpu": "arm64" }, "sha512-/hYkyFe7x7Yapmfv4X/tBmyKnggUmdQmlvZ8ZlBnV4+PjisrEhAvC3yWpURuD9XoB8Wa1d5dGkTsF53pIvpjsg=="],

    "esbuild-darwin-64": ["esbuild-darwin-64@0.14.36", "", { "os": "darwin", "cpu": "x64" }, "sha512-kkl6qmV0dTpyIMKagluzYqlc1vO0ecgpviK/7jwPbRDEv5fejRTaBBEE2KxEQbTHcLhiiDbhG7d5UybZWo/1zQ=="],

    "esbuild-darwin-arm64": ["esbuild-darwin-arm64@0.14.36", "", { "os": "darwin", "cpu": "arm64" }, "sha512-q8fY4r2Sx6P0Pr3VUm//eFYKVk07C5MHcEinU1BjyFnuYz4IxR/03uBbDwluR6ILIHnZTE7AkTUWIdidRi1Jjw=="],

    "esbuild-freebsd-64": ["esbuild-freebsd-64@0.14.36", "", { "os": "freebsd", "cpu": "x64" }, "sha512-Hn8AYuxXXRptybPqoMkga4HRFE7/XmhtlQjXFHoAIhKUPPMeJH35GYEUWGbjteai9FLFvBAjEAlwEtSGxnqWww=="],

    "esbuild-freebsd-arm64": ["esbuild-freebsd-arm64@0.14.36", "", { "os": "freebsd", "cpu": "arm64" }, "sha512-S3C0attylLLRiCcHiJd036eDEMOY32+h8P+jJ3kTcfhJANNjP0TNBNL30TZmEdOSx/820HJFgRrqpNAvTbjnDA=="],

    "esbuild-linux-32": ["esbuild-linux-32@0.14.36", "", { "os": "linux", "cpu": "ia32" }, "sha512-Eh9OkyTrEZn9WGO4xkI3OPPpUX7p/3QYvdG0lL4rfr73Ap2HAr6D9lP59VMF64Ex01LhHSXwIsFG/8AQjh6eNw=="],

    "esbuild-linux-64": ["esbuild-linux-64@0.14.36", "", { "os": "linux", "cpu": "x64" }, "sha512-vFVFS5ve7PuwlfgoWNyRccGDi2QTNkQo/2k5U5ttVD0jRFaMlc8UQee708fOZA6zTCDy5RWsT5MJw3sl2X6KDg=="],

    "esbuild-linux-arm": ["esbuild-linux-arm@0.14.36", "", { "os": "linux", "cpu": "arm" }, "sha512-NhgU4n+NCsYgt7Hy61PCquEz5aevI6VjQvxwBxtxrooXsxt5b2xtOUXYZe04JxqQo+XZk3d1gcr7pbV9MAQ/Lg=="],

    "esbuild-linux-arm64": ["esbuild-linux-arm64@0.14.36", "", { "os": "linux", "cpu": "arm64" }, "sha512-24Vq1M7FdpSmaTYuu1w0Hdhiqkbto1I5Pjyi+4Cdw5fJKGlwQuw+hWynTcRI/cOZxBcBpP21gND7W27gHAiftw=="],

    "esbuild-linux-mips64le": ["esbuild-linux-mips64le@0.14.36", "", { "os": "linux", "cpu": "none" }, "sha512-hZUeTXvppJN+5rEz2EjsOFM9F1bZt7/d2FUM1lmQo//rXh1RTFYzhC0txn7WV0/jCC7SvrGRaRz0NMsRPf8SIA=="],

    "esbuild-linux-ppc64le": ["esbuild-linux-ppc64le@0.14.36", "", { "os": "linux", "cpu": "ppc64" }, "sha512-1Bg3QgzZjO+QtPhP9VeIBhAduHEc2kzU43MzBnMwpLSZ890azr4/A9Dganun8nsqD/1TBcqhId0z4mFDO8FAvg=="],

    "esbuild-linux-riscv64": ["esbuild-linux-riscv64@0.14.36", "", { "os": "linux", "cpu": "none" }, "sha512-dOE5pt3cOdqEhaufDRzNCHf5BSwxgygVak9UR7PH7KPVHwSTDAZHDoEjblxLqjJYpc5XaU9+gKJ9F8mp9r5I4A=="],

    "esbuild-linux-s390x": ["esbuild-linux-s390x@0.14.36", "", { "os": "linux", "cpu": "s390x" }, "sha512-g4FMdh//BBGTfVHjF6MO7Cz8gqRoDPzXWxRvWkJoGroKA18G9m0wddvPbEqcQf5Tbt2vSc1CIgag7cXwTmoTXg=="],

    "esbuild-netbsd-64": ["esbuild-netbsd-64@0.14.36", "", { "os": "none", "cpu": "x64" }, "sha512-UB2bVImxkWk4vjnP62ehFNZ73lQY1xcnL5ZNYF3x0AG+j8HgdkNF05v67YJdCIuUJpBuTyCK8LORCYo9onSW+A=="],

    "esbuild-openbsd-64": ["esbuild-openbsd-64@0.14.36", "", { "os": "openbsd", "cpu": "x64" }, "sha512-NvGB2Chf8GxuleXRGk8e9zD3aSdRO5kLt9coTQbCg7WMGXeX471sBgh4kSg8pjx0yTXRt0MlrUDnjVYnetyivg=="],

    "esbuild-plugin-external-global": ["esbuild-plugin-external-global@1.0.1", "", {}, "sha512-NDzYHRoShpvLqNcrgV8ZQh61sMIFAry5KLTQV83BPG5iTXCCu7h72SCfJ97bW0GqtuqDD/1aqLbKinI/rNgUsg=="],

    "esbuild-plugin-postcss2": ["esbuild-plugin-postcss2@0.1.1", "", { "dependencies": { "autoprefixer": "^10.2.5", "fs-extra": "^9.1.0", "less": "^4.x", "postcss": "8.x", "postcss-modules": "^4.0.0", "resolve-file": "^0.3.0", "sass": "^1.x", "stylus": "^0.x", "tmp": "^0.2.1" } }, "sha512-BMHnOTfZo+ghrzYnBtcXlHuMpOEwfTFarhGG4o6mivzPZGUXzeMn/hdFhtRpmCKzUvXsaxnZ3N72xA8CwdtZ3w=="],

    "esbuild-sunos-64": ["esbuild-sunos-64@0.14.36", "", { "os": "sunos", "cpu": "x64" }, "sha512-VkUZS5ftTSjhRjuRLp+v78auMO3PZBXu6xl4ajomGenEm2/rGuWlhFSjB7YbBNErOchj51Jb2OK8lKAo8qdmsQ=="],

    "esbuild-windows-32": ["esbuild-windows-32@0.14.36", "", { "os": "win32", "cpu": "ia32" }, "sha512-bIar+A6hdytJjZrDxfMBUSEHHLfx3ynoEZXx/39nxy86pX/w249WZm8Bm0dtOAByAf4Z6qV0LsnTIJHiIqbw0w=="],

    "esbuild-windows-64": ["esbuild-windows-64@0.14.36", "", { "os": "win32", "cpu": "x64" }, "sha512-+p4MuRZekVChAeueT1Y9LGkxrT5x7YYJxYE8ZOTcEfeUUN43vktSn6hUNsvxzzATrSgq5QqRdllkVBxWZg7KqQ=="],

    "esbuild-windows-arm64": ["esbuild-windows-arm64@0.14.36", "", { "os": "win32", "cpu": "arm64" }, "sha512-fBB4WlDqV1m18EF/aheGYQkQZHfPHiHJSBYzXIo8yKehek+0BtBwo/4PNwKGJ5T0YK0oc8pBKjgwPbzSrPLb+Q=="],

    "escalade": ["escalade@3.1.1", "", {}, "sha512-k0er2gUkLf8O0zKJiAhmkTnJlTvINGv7ygDNPbeIsX/TJjGJZHuh9B2UxbsaEkmlEo9MfhrSzmhIlhRlI2GXnw=="],

    "expand-tilde": ["expand-tilde@2.0.2", "", { "dependencies": { "homedir-polyfill": "^1.0.1" } }, "sha1-l+gBqgUt8CRU3kawK/YhZCzchQI="],

    "extend-shallow": ["extend-shallow@2.0.1", "", { "dependencies": { "is-extendable": "^0.1.0" } }, "sha1-Ua99YUrZqfYQ6huvu5idaxxWiQ8="],

    "fill-range": ["fill-range@7.0.1", "", { "dependencies": { "to-regex-range": "^5.0.1" } }, "sha512-qOo9F+dMUmC2Lcb4BbVvnKJxTPjCm+RRpe4gDuGrzkL7mEVl/djYSu2OdQ2Pa302N4oqkSg9ir6jaLWJ2USVpQ=="],

    "find-file-up": ["find-file-up@0.1.3", "", { "dependencies": { "fs-exists-sync": "^0.1.0", "resolve-dir": "^0.1.0" } }, "sha1-z2gJG8+fMApA2kEbN9pczlovvqA="],

    "find-pkg": ["find-pkg@0.1.2", "", { "dependencies": { "find-file-up": "^0.1.2" } }, "sha1-G9wiwG42NlUy4qJIBGhUuXiNpVc="],

    "fraction.js": ["fraction.js@4.2.0", "", {}, "sha512-MhLuK+2gUcnZe8ZHlaaINnQLl0xRIGRfcGk2yl8xoQAfHrSsL3rYu6FCmBdkdbhc9EPlwyGHewaRsvwRMJtAlA=="],

    "fs-exists-sync": ["fs-exists-sync@0.1.0", "", {}, "sha1-mC1ok6+RjnLQjeyehnP/K1qNat0="],

    "fs-extra": ["fs-extra@9.1.0", "", { "dependencies": { "at-least-node": "^1.0.0", "graceful-fs": "^4.2.0", "jsonfile": "^6.0.1", "universalify": "^2.0.0" } }, "sha512-hcg3ZmepS30/7BSFqRvoo3DOMQu7IjqxO5nCDt+zM9XWjb33Wg7ziNT+Qvqbuc3+gWpzO02JubVyk2G4Zvo1OQ=="],

    "fs.realpath": ["fs.realpath@1.0.0", "", {}, "sha1-FQStJSMVjKpA20onh8sBQRmU6k8="],

    "fsevents": ["fsevents@2.3.2", "", { "os": "darwin" }, "sha512-xiqMQR4xAeHTuB9uWm+fFRcIOgKBMiOBP+eXiyT7jsgVCq1bkVygt00oASowB7EdtpOHaaPgKt812P9ab+DDKA=="],

    "function-bind": ["function-bind@1.1.1", "", {}, "sha512-yIovAzMX49sF8Yl58fSCWJ5svSLuaibPxXQJFLmBObTuCr0Mf1KiPopGM9NiFjiYBCbfaa2Fh6breQ6ANVTI0A=="],

    "generic-names": ["generic-names@4.0.0", "", { "dependencies": { "loader-utils": "^3.2.0" } }, "sha512-ySFolZQfw9FoDb3ed9d80Cm9f0+r7qj+HJkWjeD9RBfpxEVTlVhol+gvaQB/78WbwYfbnNh8nWHHBSlg072y6A=="],

    "glob": ["glob@7.2.0", "", { "dependencies": { "fs.realpath": "^1.0.0", "inflight": "^1.0.4", "inherits": "2", "minimatch": "^3.0.4", "once": "^1.3.0", "path-is-absolute": "^1.0.0" } }, "sha512-lmLf6gtyrPq8tTjSmrO94wBeQbFR3HbLHbuyD69wuyQkImp2hWqMGB47OX65FBkPffO641IP9jWa1z4ivqG26Q=="],

    "glob-parent": ["glob-parent@5.1.2", "", { "dependencies": { "is-glob": "^4.0.1" } }, "sha512-AOIgSQCepiJYwP3ARnGx+5VnTu2HBYdzbGP45eLw1vr3zB3vZLeyed1sC9hnbcOc9/SrMyM5RPQrkGz4aS9Zow=="],

    "global-modules": ["global-modules@0.2.3", "", { "dependencies": { "global-prefix": "^0.1.4", "is-windows": "^0.2.0" } }, "sha1-6lo77ULG1s6ZWk+KEmm12uIjgo0="],

    "global-prefix": ["global-prefix@0.1.5", "", { "dependencies": { "homedir-polyfill": "^1.0.0", "ini": "^1.3.4", "is-windows": "^0.2.0", "which": "^1.2.12" } }, "sha1-jTvGuNo8qBEqFg2NSW/wRiv+948="],

    "graceful-fs": ["graceful-fs@4.2.10", "", {}, "sha512-9ByhssR2fPVsNZj478qUUbKfmL0+t5BDVyjShtyZZLiK7ZDAArFFfopyOTj0M05wE2tJPisA4iTnnXl2YoPvOA=="],

    "has": ["has@1.0.3", "", { "dependencies": { "function-bind": "^1.1.1" } }, "sha512-f2dvO0VU6Oej7RkWJGrehjbzMAjFp5/VKPp5tTpWIV4JHHZK1/BxbFRtf/siA2SWTe09caDmVtYYzWEIbBS4zw=="],

    "has-flag": ["has-flag@4.0.0", "", {}, "sha512-EykJT/Q1KjTWctppgIAgfSO0tKVuZUjhgMr17kqTumMl6Afv3EISleU7qZUzoXDFTAHTDC4NOoG/ZxU3EvlMPQ=="],

    "homedir-polyfill": ["homedir-polyfill@1.0.3", "", { "dependencies": { "parse-passwd": "^1.0.0" } }, "sha512-eSmmWE5bZTK2Nou4g0AI3zZ9rswp7GRKoKXS1BLUkvPviOqs4YTN1djQIqrXy9k5gEtdLPy86JjRwsNM9tnDcA=="],

    "iconv-lite": ["iconv-lite@0.4.24", "", { "dependencies": { "safer-buffer": ">= 2.1.2 < 3" } }, "sha512-v3MXnZAcvnywkTUEZomIActle7RXXeedOR31wwl7VlyoXO4Qi9arvSenNQWne1TcRwhCL1HwLI21bEqdpj8/rA=="],

    "icss-replace-symbols": ["icss-replace-symbols@1.1.0", "", {}, "sha1-Bupvg2ead0njhs/h/oEq5dsiPe0="],

    "icss-utils": ["icss-utils@5.1.0", "", {}, "sha512-soFhflCVWLfRNOPU3iv5Z9VUdT44xFRbzjLsEzSr5AQmgqPMTHdU3PMT1Cf1ssx8fLNJDA1juftYl+PUcv3MqA=="],

    "image-size": ["image-size@0.5.5", "", { "bin": { "image-size": "bin/image-size.js" } }, "sha1-Cd/Uq50g4p6xw+gLiZA3jfnjy5w="],

    "immutable": ["immutable@4.0.0", "", {}, "sha512-zIE9hX70qew5qTUjSS7wi1iwj/l7+m54KWU247nhM3v806UdGj1yDndXj+IOYxxtW9zyLI+xqFNZjTuDaLUqFw=="],

    "inflight": ["inflight@1.0.6", "", { "dependencies": { "once": "^1.3.0", "wrappy": "1" } }, "sha1-Sb1jMdfQLQwJvJEKEHW6gWW1bfk="],

    "inherits": ["inherits@2.0.4", "", {}, "sha512-k/vGaX4/Yla3WzyMCvTQOXYeIHvqOKtnqBduzTHpzpQZzAskKMhZ2K+EnBiSM9zGSoIFeMpXKxa4dYeZIQqewQ=="],

    "ini": ["ini@1.3.8", "", {}, "sha512-JV/yugV2uzW5iMRSiZAyDtQd+nxtUnjeLt0acNdw98kKLrvuRVyB80tsREOE7yvGVgalhZ6RNXCmEHkUKBKxew=="],

    "is-binary-path": ["is-binary-path@2.1.0", "", { "dependencies": { "binary-extensions": "^2.0.0" } }, "sha512-ZMERYes6pDydyuGidse7OsHxtbI7WVeUEozgR/g7rd0xUimYNlvZRE/K2MgZTjWy725IfelLeVcEM97mmtRGXw=="],

    "is-buffer": ["is-buffer@1.1.6", "", {}, "sha512-NcdALwpXkTm5Zvvbk7owOUSvVvBKDgKP5/ewfXEznmQFfs4ZRmanOeKBTjRVjka3QFoN6XJ+9F3USqfHqTaU5w=="],

    "is-core-module": ["is-core-module@2.8.1", "", { "dependencies": { "has": "^1.0.3" } }, "sha512-SdNCUs284hr40hFTFP6l0IfZ/RSrMXF3qgoRHd3/79unUTvrFO/JoXwkGm+5J/Oe3E/b5GsnG330uUNgRpu1PA=="],

    "is-extendable": ["is-extendable@0.1.1", "", {}, "sha1-YrEQ4omkcUGOPsNqYX1HLjAd/Ik="],

    "is-extglob": ["is-extglob@2.1.1", "", {}, "sha1-qIwCU1eR8C7TfHahueqXc8gz+MI="],

    "is-glob": ["is-glob@4.0.3", "", { "dependencies": { "is-extglob": "^2.1.1" } }, "sha512-xelSayHH36ZgE7ZWhli7pW34hNbNl8Ojv5KVmkJD4hBdD3th8Tfk9vYasLM+mXWOZhFkgZfxhLSnrwRr4elSSg=="],

    "is-hotkey": ["is-hotkey@0.2.0", "", {}, "sha512-UknnZK4RakDmTgz4PI1wIph5yxSs/mvChWs9ifnlXsKuXgWmOkY/hAE0H/k2MIqH0RlRye0i1oC07MCRSD28Mw=="],

    "is-number": ["is-number@7.0.0", "", {}, "sha512-41Cifkg6e8TylSpdtTpeLVMqvSBEVzTttHvERD741+pnZ8ANv0004MRL43QKPDlK9cGvNp6NZWZUBlbGXYxxng=="],

    "is-what": ["is-what@3.14.1", "", {}, "sha512-sNxgpk9793nzSs7bA6JQJGeIuRBQhAaNGG77kzYQgMkrID+lS6SlK07K5LaptscDlSaIgH+GPFzf+d75FVxozA=="],

    "is-windows": ["is-windows@0.2.0", "", {}, "sha1-3hqm1j6indJIc3tp8f+LgALSEIw="],

    "isexe": ["isexe@2.0.0", "", {}, "sha1-6PvzdNxVb/iUehDcsFctYz8s+hA="],

    "js-tokens": ["js-tokens@4.0.0", "", {}, "sha512-RdJUflcE3cUzKiMqQgsCu06FPu9UdIJO0beYbPhHN4k6apgJtifcoCtT9bcxOpYBtpD2kCM6Sbzg4CausW/PKQ=="],

    "jsonfile": ["jsonfile@6.1.0", "", { "dependencies": { "universalify": "^2.0.0" }, "optionalDependencies": { "graceful-fs": "^4.1.6" } }, "sha512-5dgndWOriYSm5cnYaJNhalLNDKOqFwyDB/rr1E9ZsGciGvKPs8R2xYGCacuf3z6K1YKDz182fd+fY3cn3pMqXQ=="],

    "kind-of": ["kind-of@3.2.2", "", { "dependencies": { "is-buffer": "^1.1.5" } }, "sha1-MeohpzS6ubuw8yRm2JOupR5KPGQ="],

    "lazy-cache": ["lazy-cache@2.0.2", "", { "dependencies": { "set-getter": "^0.1.0" } }, "sha1-uRkKT5EzVGlIQIWfio9whNiCImQ="],

    "less": ["less@4.1.2", "", { "dependencies": { "copy-anything": "^2.0.1", "parse-node-version": "^1.0.1", "tslib": "^2.3.0" }, "optionalDependencies": { "errno": "^0.1.1", "graceful-fs": "^4.1.2", "image-size": "~0.5.0", "make-dir": "^2.1.0", "mime": "^1.4.1", "needle": "^2.5.2", "source-map": "~0.6.0" }, "bin": { "lessc": "bin/lessc" } }, "sha512-EoQp/Et7OSOVu0aJknJOtlXZsnr8XE8KwuzTHOLeVSEx8pVWUICc8Q0VYRHgzyjX78nMEyC/oztWFbgyhtNfDA=="],

    "loader-utils": ["loader-utils@3.2.0", "", {}, "sha512-HVl9ZqccQihZ7JM85dco1MvO9G+ONvxoGa9rkhzFsneGLKSUg1gJf9bWzhRhcvm2qChhWpebQhP44qxjKIUCaQ=="],

    "lodash.camelcase": ["lodash.camelcase@4.3.0", "", {}, "sha1-soqmKIorn8ZRA1x3EfZathkDMaY="],

    "lodash.get": ["lodash.get@4.4.2", "", {}, "sha1-LRd/ZS+jHpObRDjVNBSZ36OCXpk="],

    "lodash.isequal": ["lodash.isequal@4.5.0", "", {}, "sha1-QVxEePK8wwEgwizhDtMib30+GOA="],

    "loose-envify": ["loose-envify@1.4.0", "", { "dependencies": { "js-tokens": "^3.0.0 || ^4.0.0" }, "bin": { "loose-envify": "cli.js" } }, "sha512-lyuxPGr/Wfhrlem2CL/UcnUc1zcqKAImBDzukY7Y5F/yQiNdko6+fRLevlw1HgMySw7f611UIY408EtxRSoK3Q=="],

    "make-dir": ["make-dir@2.1.0", "", { "dependencies": { "pify": "^4.0.1", "semver": "^5.6.0" } }, "sha512-LS9X+dc8KLxXCb8dni79fLIIUA5VyZoyjSMCwTluaXA0o27cCK0bhXkpgw+sTXVpPy/lSO57ilRixqk0vDmtRA=="],

    "mime": ["mime@1.6.0", "", { "bin": { "mime": "cli.js" } }, "sha512-x0Vn8spI+wuJ1O6S7gnbaQg8Pxh4NNHb7KSINmEWKiPE4RKOplvijn+NkmYmmRgP68mc70j2EbeTFRsrswaQeg=="],

    "minimatch": ["minimatch@3.1.2", "", { "dependencies": { "brace-expansion": "^1.1.7" } }, "sha512-J7p63hRiAjw1NDEww1W7i37+ByIrOWO5XQQAzZ3VOcL0PNybwpfmV/N05zFAzwQ9USyEcX6t3UO+K5aqBQOIHw=="],

    "minimist": ["minimist@1.2.6", "", {}, "sha512-Jsjnk4bw3YJqYzbdyBiNsPWHPfO++UGG749Cxs6peCu5Xg4nrena6OVxOYxrQTqww0Jmwt+Ref8rggumkTLz9Q=="],

    "ms": ["ms@2.1.2", "", {}, "sha512-sGkPx+VjMtmA6MX27oA4FBFELFCZZ4S4XqeGOXCv68tT+jb3vk/RyaKWP0PTKyWtmLSM0b+adUTEvbs1PEaH2w=="],

    "nanoid": ["nanoid@3.3.2", "", { "bin": { "nanoid": "bin/nanoid.cjs" } }, "sha512-CuHBogktKwpm5g2sRgv83jEy2ijFzBwMoYA60orPDR7ynsLijJDqgsi4RDGj3OJpy3Ieb+LYwiRmIOGyytgITA=="],

    "needle": ["needle@2.9.1", "", { "dependencies": { "debug": "^3.2.6", "iconv-lite": "^0.4.4", "sax": "^1.2.4" }, "bin": { "needle": "./bin/needle" } }, "sha512-6R9fqJ5Zcmf+uYaFgdIHmLwNldn5HbK8L5ybn7Uz+ylX/rnOsSp1AHcvQSrCaFN+qNM1wpymHqD7mVasEOlHGQ=="],

    "node-releases": ["node-releases@2.0.3", "", {}, "sha512-maHFz6OLqYxz+VQyCAtA3PTX4UP/53pa05fyDNc9CwjvJ0yEh6+xBwKsgCxMNhS8taUKBFYxfuiaD9U/55iFaw=="],

    "normalize-path": ["normalize-path@3.0.0", "", {}, "sha512-6eZs5Ls3WtCisHWp9S2GUy8dqkpGi4BVSz3GaqiE6ezub0512ESztXUwUB6C6IKbQkY2Pnb/mD4WYojCRwcwLA=="],

    "normalize-range": ["normalize-range@0.1.2", "", {}, "sha1-LRDAa9/TEuqXd2laTShDlFa3WUI="],

    "object-assign": ["object-assign@4.1.1", "", {}, "sha1-IQmtx5ZYh8/AXLvUQsrIv7s2CGM="],

    "once": ["once@1.4.0", "", { "dependencies": { "wrappy": "1" } }, "sha1-WDsap3WWHUsROsF9nFC6753Xa9E="],

    "os-homedir": ["os-homedir@1.0.2", "", {}, "sha1-/7xJiDNuDoM94MFox+8VISGqf7M="],

    "parse-node-version": ["parse-node-version@1.0.1", "", {}, "sha512-3YHlOa/JgH6Mnpr05jP9eDG254US9ek25LyIxZlDItp2iJtwyaXQb57lBYLdT3MowkUFYEV2XXNAYIPlESvJlA=="],

    "parse-passwd": ["parse-passwd@1.0.0", "", {}, "sha1-bVuTSkVpk7I9N/QKOC1vFmao5cY="],

    "path-is-absolute": ["path-is-absolute@1.0.1", "", {}, "sha1-F0uSaHNVNP+8es5r9TpanhtcX18="],

    "path-parse": ["path-parse@1.0.7", "", {}, "sha512-LDJzPVEEEPR+y48z93A0Ed0yXb8pAByGWo/k5YYdYgpY2/2EsOsksJrq7lOHxryrVOn1ejG6oAp8ahvOIQD8sw=="],

    "picocolors": ["picocolors@1.0.0", "", {}, "sha512-1fygroTLlHu66zi26VoTDv8yRgm0Fccecssto+MhsZ0D/DGW2sm8E8AjW7NU5VVTRt5GxbeZ5qBuJr+HyLYkjQ=="],

    "picomatch": ["picomatch@2.3.1", "", {}, "sha512-JU3teHTNjmE2VCGFzuY8EXzCDVwEqB2a8fsIvwaStHhAWJEeVd1o1QD80CU6+ZdEXXSLbSsuLwJjkCBWqRQUVA=="],

    "pify": ["pify@4.0.1", "", {}, "sha512-uB80kBFb/tfd68bVleG9T5GGsGPjJrLAUpR5PZIrhBnIaRTQRjqdJSsIKkOP6OAIFbj7GOrcudc5pNjZ+geV2g=="],

    "postcss": ["postcss@8.4.12", "", { "dependencies": { "nanoid": "^3.3.1", "picocolors": "^1.0.0", "source-map-js": "^1.0.2" } }, "sha512-lg6eITwYe9v6Hr5CncVbK70SoioNQIq81nsaG86ev5hAidQvmOeETBqs7jm43K2F5/Ley3ytDtriImV6TpNiSg=="],

    "postcss-modules": ["postcss-modules@4.3.1", "", { "dependencies": { "generic-names": "^4.0.0", "icss-replace-symbols": "^1.1.0", "lodash.camelcase": "^4.3.0", "postcss-modules-extract-imports": "^3.0.0", "postcss-modules-local-by-default": "^4.0.0", "postcss-modules-scope": "^3.0.0", "postcss-modules-values": "^4.0.0", "string-hash": "^1.1.1" } }, "sha512-ItUhSUxBBdNamkT3KzIZwYNNRFKmkJrofvC2nWab3CPKhYBQ1f27XXh1PAPE27Psx58jeelPsxWB/+og+KEH0Q=="],

    "postcss-modules-extract-imports": ["postcss-modules-extract-imports@3.0.0", "", {}, "sha512-bdHleFnP3kZ4NYDhuGlVK+CMrQ/pqUm8bx/oGL93K6gVwiclvX5x0n76fYMKuIGKzlABOy13zsvqjb0f92TEXw=="],

    "postcss-modules-local-by-default": ["postcss-modules-local-by-default@4.0.0", "", { "dependencies": { "icss-utils": "^5.0.0", "postcss-selector-parser": "^6.0.2", "postcss-value-parser": "^4.1.0" } }, "sha512-sT7ihtmGSF9yhm6ggikHdV0hlziDTX7oFoXtuVWeDd3hHObNkcHRo9V3yg7vCAY7cONyxJC/XXCmmiHHcvX7bQ=="],

    "postcss-modules-scope": ["postcss-modules-scope@3.0.0", "", { "dependencies": { "postcss-selector-parser": "^6.0.4" } }, "sha512-hncihwFA2yPath8oZ15PZqvWGkWf+XUfQgUGamS4LqoP1anQLOsOJw0vr7J7IwLpoY9fatA2qiGUGmuZL0Iqlg=="],

    "postcss-modules-values": ["postcss-modules-values@4.0.0", "", { "dependencies": { "icss-utils": "^5.0.0" } }, "sha512-RDxHkAiEGI78gS2ofyvCsu7iycRv7oqw5xMWn9iMoR0N/7mf9D50ecQqUo5BZ9Zh2vH4bCUR/ktCqbB9m8vJjQ=="],

    "postcss-selector-parser": ["postcss-selector-parser@6.0.10", "", { "dependencies": { "cssesc": "^3.0.0", "util-deprecate": "^1.0.2" } }, "sha512-IQ7TZdoaqbT+LCpShg46jnZVlhWD2w6iQYAcYXfHARZ7X1t/UGhhceQDs5X0cGqKvYlHNOuv7Oa1xmb0oQuA3w=="],

    "postcss-value-parser": ["postcss-value-parser@4.2.0", "", {}, "sha512-1NNCs6uurfkVbeXG4S8JFT9t19m45ICnif8zWLd5oPSZ50QnwMfK+H3jv408d4jw/7Bttv5axS5IiHoLaVNHeQ=="],

    "prettier": ["prettier@3.7.4", "", { "bin": { "prettier": "bin/prettier.cjs" } }, "sha512-v6UNi1+3hSlVvv8fSaoUbggEM5VErKmmpGA7Pl3HF8V6uKY7rvClBOJlH6yNwQtfTueNkGVpOv/mtWL9L4bgRA=="],

    "prop-types": ["prop-types@15.8.1", "", { "dependencies": { "loose-envify": "^1.4.0", "object-assign": "^4.1.1", "react-is": "^16.13.1" } }, "sha512-oj87CgZICdulUohogVAR7AjlC0327U4el4L6eAvOqCeudMDVU0NThNaV+b9Df4dXgSP1gXMTnPdhfe/2qDH5cg=="],

    "prr": ["prr@1.0.1", "", {}, "sha1-0/wRS6BplaRexok/SEzrHXj19HY="],

    "re-resizable": ["re-resizable@6.11.2", "", { "peerDependencies": { "react": "^16.13.1 || ^17.0.0 || ^18.0.0 || ^19.0.0", "react-dom": "^16.13.1 || ^17.0.0 || ^18.0.0 || ^19.0.0" } }, "sha512-2xI2P3OHs5qw7K0Ud1aLILK6MQxW50TcO+DetD9eIV58j84TqYeHoZcL9H4GXFXXIh7afhH8mv5iUCXII7OW7A=="],

    "react": ["react@19.2.3", "", {}, "sha512-Ku/hhYbVjOQnXDZFv2+RibmLFGwFdeeKHFcOTlrt7xplBnya5OGn/hIRDsqDiSUcfORsDC7MPxwork8jBwsIWA=="],

    "react-ace": ["react-ace@14.0.1", "", { "dependencies": { "ace-builds": "^1.36.3", "diff-match-patch": "^1.0.5", "lodash.get": "^4.4.2", "lodash.isequal": "^4.5.0", "prop-types": "^15.8.1" }, "peerDependencies": { "react": "^0.13.0 || ^0.14.0 || ^15.0.1 || ^16.0.0 || ^17.0.0 || ^18.0.0 || ^19.0.0", "react-dom": "^0.13.0 || ^0.14.0 || ^15.0.1 || ^16.0.0 || ^17.0.0 || ^18.0.0 || ^19.0.0" } }, "sha512-z6YAZ20PNf/FqmYEic//G/UK6uw0rn21g58ASgHJHl9rfE4nITQLqthr9rHMVQK4ezwohJbp2dGrZpkq979PYQ=="],

    "react-dom": ["react-dom@19.2.3", "", { "dependencies": { "scheduler": "^0.27.0" }, "peerDependencies": { "react": "^19.2.3" } }, "sha512-yELu4WmLPw5Mr/lmeEpox5rw3RETacE++JgHqQzd2dg+YbJuat3jH4ingc+WPZhxaoFzdv9y33G+F7Nl5O0GBg=="],

    "react-draggable": ["react-draggable@4.4.6", "", { "dependencies": { "clsx": "^1.1.1", "prop-types": "^15.8.1" }, "peerDependencies": { "react": ">= 16.3.0", "react-dom": ">= 16.3.0" } }, "sha512-LtY5Xw1zTPqHkVmtM3X8MUOxNDOUhv/khTgBgrUvwaS064bwVvxT+q5El0uUFNx5IEPKXuRejr7UqLwBIg5pdw=="],

    "react-is": ["react-is@16.13.1", "", {}, "sha512-24e6ynE2H+OKt4kqsOvNd8kBpV65zoxbA4BVsEOB3ARVWQki/DHzaUoC5KuON/BiccDaCCTZBuOcfZs70kR8bQ=="],

    "react-rnd": ["react-rnd@10.5.2", "", { "dependencies": { "re-resizable": "6.11.2", "react-draggable": "4.4.6", "tslib": "2.6.2" }, "peerDependencies": { "react": ">=16.3.0", "react-dom": ">=16.3.0" } }, "sha512-0Tm4x7k7pfHf2snewJA8x7Nwgt3LV+58MVEWOVsFjk51eYruFEa6Wy7BNdxt4/lH0wIRsu7Gm3KjSXY2w7YaNw=="],

    "readdirp": ["readdirp@3.6.0", "", { "dependencies": { "picomatch": "^2.2.1" } }, "sha512-hOS089on8RduqdbhvQ5Z37A0ESjsqz6qnRcffsMU3495FuTdqSm+7bhJ29JvIOsBDEEnan5DPu9t3To9VRlMzA=="],

    "resolve": ["resolve@1.22.0", "", { "dependencies": { "is-core-module": "^2.8.1", "path-parse": "^1.0.7", "supports-preserve-symlinks-flag": "^1.0.0" }, "bin": { "resolve": "bin/resolve" } }, "sha512-Hhtrw0nLeSrFQ7phPp4OOcVjLPIeMnRlr5mcnVuMe7M/7eBn98A3hmFRLoFo3DLZkivSYwhRUJTyPyWAk56WLw=="],

    "resolve-dir": ["resolve-dir@0.1.1", "", { "dependencies": { "expand-tilde": "^1.2.2", "global-modules": "^0.2.3" } }, "sha1-shklmlYC+sXFxJatiUpujMQwJh4="],

    "resolve-file": ["resolve-file@0.3.0", "", { "dependencies": { "cwd": "^0.10.0", "expand-tilde": "^2.0.2", "extend-shallow": "^2.0.1", "fs-exists-sync": "^0.1.0", "homedir-polyfill": "^1.0.1", "lazy-cache": "^2.0.2", "resolve": "^1.2.0" } }, "sha1-EeH7RkVm06fFAMt+lIHo8LAKFO8="],

    "rimraf": ["rimraf@3.0.2", "", { "dependencies": { "glob": "^7.1.3" }, "bin": { "rimraf": "bin.js" } }, "sha512-JZkJMZkAGFFPP2YqXZXPbMlMBgsxzE8ILs4lMIX/2o0L9UBw9O/Y3o6wFw/i9YLapcUJWwqbi3kdxIPdC62TIA=="],

    "safer-buffer": ["safer-buffer@2.1.2", "", {}, "sha512-YZo3K82SD7Riyi0E1EQPojLz7kpepnSQI9IyPbHHg1XXXevb5dJI7tpyN2ADxGcQbHG7vcyRHk0cbwqcQriUtg=="],

    "sass": ["sass@1.50.0", "", { "dependencies": { "chokidar": ">=3.0.0 <4.0.0", "immutable": "^4.0.0", "source-map-js": ">=0.6.2 <2.0.0" }, "bin": { "sass": "sass.js" } }, "sha512-cLsD6MEZ5URXHStxApajEh7gW189kkjn4Rc8DQweMyF+o5HF5nfEz8QYLMlPsTOD88DknatTmBWkOcw5/LnJLQ=="],

    "sax": ["sax@1.2.4", "", {}, "sha512-NqVDv9TpANUjFm0N8uM5GxL36UgKi9/atZw+x7YFnQ8ckwFGKrl4xX4yWtrey3UJm5nP1kUbnYgLopqWNSRhWw=="],

    "scheduler": ["scheduler@0.27.0", "", {}, "sha512-eNv+WrVbKu1f3vbYJT/xtiF5syA5HPIMtf9IgY/nKg0sWqzAUEvqY/xm7OcZc/qafLx/iO9FgOmeSAp4v5ti/Q=="],

    "semver": ["semver@5.7.1", "", { "bin": { "semver": "./bin/semver" } }, "sha512-sauaDf/PZdVgrLTNYHRtpXa1iRiKcaebiKQ1BJdpQlWH2lCvexQdX55snPFyK7QzpudqbCI0qXFfOasHdyNDGQ=="],

    "set-getter": ["set-getter@0.1.1", "", { "dependencies": { "to-object-path": "^0.3.0" } }, "sha512-9sVWOy+gthr+0G9DzqqLaYNA7+5OKkSmcqjL9cBpDEaZrr3ShQlyX2cZ/O/ozE41oxn/Tt0LGEM/w4Rub3A3gw=="],

    "source-map": ["source-map@0.6.1", "", {}, "sha512-UjgapumWlbMhkBgzT7Ykc5YXUT46F0iKu8SGXq0bcwP5dz/h0Plj6enJqjz1Zbq2l5WaqYnrVbwWOWMyF3F47g=="],

    "source-map-js": ["source-map-js@1.0.2", "", {}, "sha512-R0XvVJ9WusLiqTCEiGCmICCMplcCkIwwR11mOSD9CR5u+IXYdiseeEuXCVAjS54zqwkLcPNnmU4OeJ6tUrWhDw=="],

    "source-map-resolve": ["source-map-resolve@0.6.0", "", { "dependencies": { "atob": "^2.1.2", "decode-uri-component": "^0.2.0" } }, "sha512-KXBr9d/fO/bWo97NXsPIAW1bFSBOuCnjbNTBMO7N59hsv5i9yzRDfcYwwt0l04+VqnKC+EwzvJZIP/qkuMgR/w=="],

    "spcr-settings": ["spcr-settings@1.3.1", "", { "dependencies": { "@types/react": "^17.0.38", "@types/react-dom": "^17.0.11" } }, "sha512-xGhpVhYLU7eMvgGgTe9Whk3rqtxWb5uI17aGZ6ZP0eQwmLTW66imSfSfxePYlAKrPEhhYqAOGMkSRbYSPWv4bA=="],

    "spicetify-creator": ["spicetify-creator@1.0.17", "", { "dependencies": { "chalk": "^4.1.2", "clean-css": "^5.2.4", "esbuild": "^0.14.13", "esbuild-plugin-external-global": "^1.0.1", "esbuild-plugin-postcss2": "0.1.1", "glob": "^7.2.0", "minimist": "^1.2.5", "uglify-js": "^3.15.1" }, "bin": { "spicetify-creator": "dist/index.js" } }, "sha512-PajJIP0mi8UPErSeuqDf2wF4j8aHF4O+1S9JDIuY4wYKcHHWSvQ21FGnfyxzO6rS4/MkwMDzO6uERnrNAu+sHw=="],

    "string-hash": ["string-hash@1.1.3", "", {}, "sha1-6Kr8CsGFW0Zmkp7X3RJ1311sgRs="],

    "stylus": ["stylus@0.57.0", "", { "dependencies": { "css": "^3.0.0", "debug": "^4.3.2", "glob": "^7.1.6", "safer-buffer": "^2.1.2", "sax": "~1.2.4", "source-map": "^0.7.3" }, "bin": { "stylus": "bin/stylus" } }, "sha512-yOI6G8WYfr0q8v8rRvE91wbxFU+rJPo760Va4MF6K0I6BZjO4r+xSynkvyPBP9tV1CIEUeRsiidjIs2rzb1CnQ=="],

    "supports-color": ["supports-color@7.2.0", "", { "dependencies": { "has-flag": "^4.0.0" } }, "sha512-qpCAvRl9stuOHveKsn7HncJRvv501qIacKzQlO/+Lwxc9+0q2wLyv4Dfvt80/DPn2pqOBsJdDiogXGR9+OvwRw=="],

    "supports-preserve-symlinks-flag": ["supports-preserve-symlinks-flag@1.0.0", "", {}, "sha512-ot0WnXS9fgdkgIcePe6RHNk1WA8+muPa6cSjeR3V8K27q9BB1rTE3R1p7Hv0z1ZyAc8s6Vvv8DIyWf681MAt0w=="],

    "tmp": ["tmp@0.2.1", "", { "dependencies": { "rimraf": "^3.0.0" } }, "sha512-76SUhtfqR2Ijn+xllcI5P1oyannHNHByD80W1q447gU3mp9G9PSpGdWmjUOHRDPiHYacIk66W7ubDTuPF3BEtQ=="],

    "to-object-path": ["to-object-path@0.3.0", "", { "dependencies": { "kind-of": "^3.0.2" } }, "sha1-KXWIt7Dn4KwI4E5nL4XB9JmeF68="],

    "to-regex-range": ["to-regex-range@5.0.1", "", { "dependencies": { "is-number": "^7.0.0" } }, "sha512-65P7iz6X5yEr1cwcgvQxbbIw7Uk3gOy5dIdtZ4rDveLqhrdJP+Li/Hx6tyK0NEb+2GCyneCMJiGqrADCSNk8sQ=="],

    "tslib": ["tslib@2.6.2", "", {}, "sha512-AEYxH93jGFPn/a2iVAwW87VuUIkR1FVUKB77NwMF7nBTDkDrrT/Hpt/IrCJ0QXhW27jTBDcf5ZY7w6RiqTMw2Q=="],

    "typescript": ["typescript@5.9.3", "", { "bin": { "tsc": "bin/tsc", "tsserver": "bin/tsserver" } }, "sha512-jl1vZzPDinLr9eUt3J/t7V6FgNEw9QjvBPdysz9KfQDD41fQrC2Y4vKQdiaUpFT4bXlb1RHhLpp8wtm6M5TgSw=="],

    "uglify-js": ["uglify-js@3.15.4", "", { "bin": { "uglifyjs": "bin/uglifyjs" } }, "sha512-vMOPGDuvXecPs34V74qDKk4iJ/SN4vL3Ow/23ixafENYvtrNvtbcgUeugTcUGRGsOF/5fU8/NYSL5Hyb3l1OJA=="],

    "undici-types": ["undici-types@7.16.0", "", {}, "sha512-Zz+aZWSj8LE6zoxD+xrjh4VfkIG8Ya6LvYkZqtUQGJPZjYl53ypCaUwWqo7eI0x66KBGeRo+mlBEkMSeSZ38Nw=="],

    "universalify": ["universalify@2.0.0", "", {}, "sha512-hAZsKq7Yy11Zu1DE0OzWjw7nnLZmJZYTDZZyEFHZdUhV8FkH5MCfoU1XMaxXovpyW5nq5scPqq0ZDP9Zyl04oQ=="],

    "util-deprecate": ["util-deprecate@1.0.2", "", {}, "sha1-RQ1Nyfpw3nMnYvvS1KKJgUGaDM8="],

    "which": ["which@1.3.1", "", { "dependencies": { "isexe": "^2.0.0" }, "bin": { "which": "./bin/which" } }, "sha512-HxJdYWq1MTIQbJ3nw0cqssHoTNU267KlrDuGZ1WYlxDStUtKUhOaJmh112/TZmHxxUfuJqPXSOm7tDyas0OSIQ=="],

    "wrappy": ["wrappy@1.0.2", "", {}, "sha1-tSQ9jz7BqjXxNkYFvA0QNuMKtp8="],

    "less/tslib": ["tslib@2.3.1", "", {}, "sha512-77EbyPPpMz+FRFRuAFlWMtmgUWGe9UOG2Z25NqCwiIjRhOf5iKGuzSe5P2w1laq+FkRy4p+PCuVkJSGkzTEKVw=="],

    "needle/debug": ["debug@3.2.7", "", { "dependencies": { "ms": "^2.1.1" } }, "sha512-CFjzYYAi4ThfiQvizrFQevTTXHtnCqWfe7x1AhgEscTz6ZbLbfoLRLPugTQyBth6f8ZERVUSyWHFD/7Wu4t1XQ=="],

    "resolve-dir/expand-tilde": ["expand-tilde@1.2.2", "", { "dependencies": { "os-homedir": "^1.0.1" } }, "sha1-C4HrqJflo9MdHD0QL48BRB5VlEk="],

    "spcr-settings/@types/react": ["@types/react@17.0.90", "", { "dependencies": { "@types/prop-types": "*", "@types/scheduler": "^0.16", "csstype": "^3.2.2" } }, "sha512-P9beVR/x06U9rCJzSxtENnOr4BrbJ6VrsrDTc+73TtHv9XHhryXKbjGRB+6oooB2r0G/pQkD/S4dHo/7jUfwFw=="],

    "spcr-settings/@types/react-dom": ["@types/react-dom@17.0.26", "", { "peerDependencies": { "@types/react": "^17.0.0" } }, "sha512-Z+2VcYXJwOqQ79HreLU/1fyQ88eXSSFh6I3JdrEHQIfYSI0kCQpTGvOrbE6jFGGYXKsHuwY9tBa/w5Uo6KzrEg=="],

    "stylus/source-map": ["source-map@0.7.3", "", {}, "sha512-CkCj6giN3S+n9qrYiBTX5gystlENnRW5jZeNLHpe6aue+SrHcG5VYwujhW9s4dY31mEGsxBDrHR6oI69fTXsaQ=="],

    "needle/debug/ms": ["ms@2.1.3", "", {}, "sha512-6FlzubTLZG3J2a/NVCAleEhjzq5oxgHyaCU9yYXvcLsvoVaHJq/s5xXI6/XXP6tz7R9xAOtHnSO/tXtF3WRTlA=="],
  }
}
